github.com/davecgh/go-spew v1.1.0/go.mod h1:J7Y8YcW2NihsgmVo/mv3lAwl/skON4iLHjSsI+c5H38=
github.com/go-restruct/restruct v0.0.0-20191227155143-5734170a48a1/go.mod h1:KqrpKpn4M8OLznErihXTGLlsXFGeLxHUrLRRI/1YjGk=
github.com/go-restruct/restruct v1.2.0-alpha h1:2Lp474S/9660+SJjpVxoKuWX09JsXHSrdV7Nv3/gkvc=
github.com/go-restruct/restruct v1.2.0-alpha/go.mod h1:KqrpKpn4M8OLznErihXTGLlsXFGeLxHUrLRRI/1YjGk=
github.com/knqyf263/go-rpmdb v0.0.0-20201215100354-a9e3110d8ee1/go.mod h1:RDPNeIkU5NWXtt0OMEoILyxwUC/DyXeRtK295wpqSi0=
github.com/knqyf263/go-rpmdb v0.0.0-20231206071317-a8af76a6220f h1:G7KFUNfKsJDCvOP2ZSiqDdHzBX3tPJ05pO7eKVYL1jo=
github.com/knqyf263/go-rpmdb v0.0.0-20231206071317-a8af76a6220f/go.mod h1:9LQcoMCMQ9vrF7HcDtXfvqGO4+ddxFQ8+YF/0CVGDww=
github.com/pkg/errors v0.8.1/go.mod h1:bwawxfHBFNV+L2hUp1rHADufV3IMtnDRdf1r5NINEl0=
github.com/pkg/errors v0.9.1 h1:FEBLx1zS214owpjy7qsBeixbURkuhQAwrK5UwLGTwt4=
github.com/pkg/errors v0.9.1/go.mod h1:bwawxfHBFNV+L2hUp1rHADufV3IMtnDRdf1r5NINEl0=
github.com/pmezard/go-difflib v1.0.0/go.mod h1:iKH77koFhYxTK1pcRnkKkqfTogsbg7gZNVY4sRDYZ/4=
github.com/stretchr/objx v0.1.0/go.mod h1:HFkY916IF+rwdDfMAkV7OtwuqBVzrE8GR6GFx+wExME=
github.com/stretchr/testify v1.4.0/go.mod h1:j7eGeouHqKxXV5pUuKE4zz7dFj8WfuZ+81PSLYec5m4=
golang.org/x/mod v0.14.0/go.mod h1:hTbmBsO62+eylJbnUtE2MGJUyE7QWk4xUqPFrRgJ+7c=
golang.org/x/xerrors v0.0.0-20191204190536-9bdfabe68543/go.mod h1:I/5z698sn9Ka8TeJc9MKroUUfqBBauWjQqLJ2OPfmY0=
golang.org/x/xerrors v0.0.0-20231012003039-104605ab7028 h1:+cNy6SZtPcJQH3LJVLOSmiC7MMxXNOb3PU/VUEz+EhU=
golang.org/x/xerrors v0.0.0-20231012003039-104605ab7028/go.mod h1:NDW/Ps6MPRej6fsCIbMTohpP40sJ/P/vI1MoTEGwX90=
gopkg.in/check.v1 v0.0.0-20161208181325-20d25e280405/go.mod h1:Co6ibVJAznAaIkqp8huTwlJQCZ016jof/cbN4VW5Yz0=
gopkg.in/yaml.v2 v2.2.2/go.mod h1:hI93XBmqTisBFMUTm0b8Fm+jr3Dg1NNxqwp+5A1VGuI=
